
Microsoft Visual Studio Solution File, Format Version 12.00
# Visual Studio 2013
VisualStudioVersion = 12.0.21005.1
MinimumVisualStudioVersion = 10.0.40219.1
Project("{8BC9CEB8-8B4A-11D0-8D11-00A0C91BC942}") = "MonsterHunter", "MonsterHunter\MonsterHunter.vcxproj", "{BEB811A2-9393-492E-A2E7-74CCE405933C}"
	ProjectSection(ProjectDependencies) = postProject
		{80975809-F1EA-4AAC-BB24-A16CEFC4FFC8} = {80975809-F1EA-4AAC-BB24-A16CEFC4FFC8}
		{3429C00E-F938-4C9D-9448-44604B5BBD35} = {3429C00E-F938-4C9D-9448-44604B5BBD35}
		{048AAD13-4518-444F-8C11-C761140B3A8B} = {048AAD13-4518-444F-8C11-C761140B3A8B}
		{C6D7FF14-23F7-4435-AEDA-3A65C6CFC0BD} = {C6D7FF14-23F7-4435-AEDA-3A65C6CFC0BD}
		{441BD31B-4FC6-4A64-9B03-0CC94239D948} = {441BD31B-4FC6-4A64-9B03-0CC94239D948}
		{6303711F-A53A-49B6-9F5C-CE5C1C66B30B} = {6303711F-A53A-49B6-9F5C-CE5C1C66B30B}
		{FBB3ED22-B98D-4E82-A5C9-931131F3FB16} = {FBB3ED22-B98D-4E82-A5C9-931131F3FB16}
		{4DBED837-BB8A-4103-B169-7E971C679F00} = {4DBED837-BB8A-4103-B169-7E971C679F00}
		{D8D09568-C5EB-46A1-8B61-C349C31086E8} = {D8D09568-C5EB-46A1-8B61-C349C31086E8}
		{6CE23D6C-80D9-4AB4-8B5A-2F1D51588969} = {6CE23D6C-80D9-4AB4-8B5A-2F1D51588969}
		{5EA2B178-1859-43DC-B213-AEC7FADCFE2E} = {5EA2B178-1859-43DC-B213-AEC7FADCFE2E}
		{5BAB0E7C-578F-4D5D-A20A-F82AAECF2C6E} = {5BAB0E7C-578F-4D5D-A20A-F82AAECF2C6E}
		{6F464582-E713-4318-8433-FD44DB5983B2} = {6F464582-E713-4318-8433-FD44DB5983B2}
		{EE6FE698-A6F9-453C-9E38-6221761856DC} = {EE6FE698-A6F9-453C-9E38-6221761856DC}
		{429D0899-A121-42C8-80CD-9A6245BA6BD4} = {429D0899-A121-42C8-80CD-9A6245BA6BD4}
		{4C88CEB6-8B5E-4AD9-85E8-777FCECF2C92} = {4C88CEB6-8B5E-4AD9-85E8-777FCECF2C92}
		{80F104B7-C6A5-425F-B4FB-5AF350BB0542} = {80F104B7-C6A5-425F-B4FB-5AF350BB0542}
		{45C2E0BF-5147-4982-8387-5E820FECAA41} = {45C2E0BF-5147-4982-8387-5E820FECAA41}
		{96C0ACC3-EA2D-4572-826B-7CB6D3E56819} = {96C0ACC3-EA2D-4572-826B-7CB6D3E56819}
		{14C91AD1-F90B-43AB-82B7-A4AD9035E0BD} = {14C91AD1-F90B-43AB-82B7-A4AD9035E0BD}
		{B54256D9-B416-4BD6-85F8-E350225AC688} = {B54256D9-B416-4BD6-85F8-E350225AC688}
		{EB8379E5-1B23-438F-8934-93B8DBA031E5} = {EB8379E5-1B23-438F-8934-93B8DBA031E5}
		{38F0B1FF-456F-4221-9531-3A9F81694477} = {38F0B1FF-456F-4221-9531-3A9F81694477}
	EndProjectSection
EndProject
Project("{8BC9CEB8-8B4A-11D0-8D11-00A0C91BC942}") = "Gyro", "Gyro\Gyro.vcxproj", "{4DBED837-BB8A-4103-B169-7E971C679F00}"
	ProjectSection(ProjectDependencies) = postProject
		{80975809-F1EA-4AAC-BB24-A16CEFC4FFC8} = {80975809-F1EA-4AAC-BB24-A16CEFC4FFC8}
		{6303711F-A53A-49B6-9F5C-CE5C1C66B30B} = {6303711F-A53A-49B6-9F5C-CE5C1C66B30B}
		{FBB3ED22-B98D-4E82-A5C9-931131F3FB16} = {FBB3ED22-B98D-4E82-A5C9-931131F3FB16}
		{8FEC0D48-D5FD-4BAF-AA7C-A43C76170E68} = {8FEC0D48-D5FD-4BAF-AA7C-A43C76170E68}
		{D8D09568-C5EB-46A1-8B61-C349C31086E8} = {D8D09568-C5EB-46A1-8B61-C349C31086E8}
		{5EA2B178-1859-43DC-B213-AEC7FADCFE2E} = {5EA2B178-1859-43DC-B213-AEC7FADCFE2E}
		{4C88CEB6-8B5E-4AD9-85E8-777FCECF2C92} = {4C88CEB6-8B5E-4AD9-85E8-777FCECF2C92}
		{80F104B7-C6A5-425F-B4FB-5AF350BB0542} = {80F104B7-C6A5-425F-B4FB-5AF350BB0542}
		{EB8379E5-1B23-438F-8934-93B8DBA031E5} = {EB8379E5-1B23-438F-8934-93B8DBA031E5}
	EndProjectSection
EndProject
Project("{2150E333-8FDC-42A3-9474-1A3956D46DE8}") = "Assets", "Assets", "{216F4953-E682-4366-92E9-DF0866D036B8}"
	ProjectSection(SolutionItems) = preProject
		Assets\AssetList.lua = Assets\AssetList.lua
	EndProjectSection
EndProject
Project("{2150E333-8FDC-42A3-9474-1A3956D46DE8}") = "Tools", "Tools", "{0F6B9135-7F80-4646-85AB-7D624884976A}"
EndProject
Project("{8BC9CEB8-8B4A-11D0-8D11-00A0C91BC942}") = "AssetBuilder", "Tools\AssetBuilder\AssetBuilder.vcxproj", "{38F0B1FF-456F-4221-9531-3A9F81694477}"
	ProjectSection(ProjectDependencies) = postProject
		{3429C00E-F938-4C9D-9448-44604B5BBD35} = {3429C00E-F938-4C9D-9448-44604B5BBD35}
		{048AAD13-4518-444F-8C11-C761140B3A8B} = {048AAD13-4518-444F-8C11-C761140B3A8B}
		{C6D7FF14-23F7-4435-AEDA-3A65C6CFC0BD} = {C6D7FF14-23F7-4435-AEDA-3A65C6CFC0BD}
		{6CE23D6C-80D9-4AB4-8B5A-2F1D51588969} = {6CE23D6C-80D9-4AB4-8B5A-2F1D51588969}
		{6F464582-E713-4318-8433-FD44DB5983B2} = {6F464582-E713-4318-8433-FD44DB5983B2}
		{EE6FE698-A6F9-453C-9E38-6221761856DC} = {EE6FE698-A6F9-453C-9E38-6221761856DC}
		{429D0899-A121-42C8-80CD-9A6245BA6BD4} = {429D0899-A121-42C8-80CD-9A6245BA6BD4}
		{14C91AD1-F90B-43AB-82B7-A4AD9035E0BD} = {14C91AD1-F90B-43AB-82B7-A4AD9035E0BD}
		{2631EEF1-C8A6-4F9A-8ED4-1F4C7CC04588} = {2631EEF1-C8A6-4F9A-8ED4-1F4C7CC04588}
	EndProjectSection
EndProject
Project("{8BC9CEB8-8B4A-11D0-8D11-00A0C91BC942}") = "EffectsBuilder", "Tools\EffectsBuilder\EffectsBuilder.vcxproj", "{14C91AD1-F90B-43AB-82B7-A4AD9035E0BD}"
	ProjectSection(ProjectDependencies) = postProject
		{D8D09568-C5EB-46A1-8B61-C349C31086E8} = {D8D09568-C5EB-46A1-8B61-C349C31086E8}
	EndProjectSection
EndProject
Project("{8BC9CEB8-8B4A-11D0-8D11-00A0C91BC942}") = "EntityBuilder", "Tools\EntityBuilder\EntityBuilder.vcxproj", "{EE6FE698-A6F9-453C-9E38-6221761856DC}"
	ProjectSection(ProjectDependencies) = postProject
		{D8D09568-C5EB-46A1-8B61-C349C31086E8} = {D8D09568-C5EB-46A1-8B61-C349C31086E8}
	EndProjectSection
EndProject
Project("{8BC9CEB8-8B4A-11D0-8D11-00A0C91BC942}") = "EnvironmentMapBuilder", "Tools\EnvironmentMapBuilder\EnvironmentMapBuilder.vcxproj", "{C6D7FF14-23F7-4435-AEDA-3A65C6CFC0BD}"
	ProjectSection(ProjectDependencies) = postProject
		{D8D09568-C5EB-46A1-8B61-C349C31086E8} = {D8D09568-C5EB-46A1-8B61-C349C31086E8}
	EndProjectSection
EndProject
Project("{8BC9CEB8-8B4A-11D0-8D11-00A0C91BC942}") = "FragmentShaderBuilder", "Tools\FragmentShaderBuilder\FragmentShaderBuilder.vcxproj", "{3429C00E-F938-4C9D-9448-44604B5BBD35}"
	ProjectSection(ProjectDependencies) = postProject
		{D8D09568-C5EB-46A1-8B61-C349C31086E8} = {D8D09568-C5EB-46A1-8B61-C349C31086E8}
	EndProjectSection
EndProject
Project("{8BC9CEB8-8B4A-11D0-8D11-00A0C91BC942}") = "GenericBuilder", "Tools\GenericBuilder\GenericBuilder.vcxproj", "{D8D09568-C5EB-46A1-8B61-C349C31086E8}"
	ProjectSection(ProjectDependencies) = postProject
		{441BD31B-4FC6-4A64-9B03-0CC94239D948} = {441BD31B-4FC6-4A64-9B03-0CC94239D948}
	EndProjectSection
EndProject
Project("{8BC9CEB8-8B4A-11D0-8D11-00A0C91BC942}") = "MaterialBuilder", "Tools\MaterialBuilder\MaterialBuilder.vcxproj", "{429D0899-A121-42C8-80CD-9A6245BA6BD4}"
	ProjectSection(ProjectDependencies) = postProject
		{D8D09568-C5EB-46A1-8B61-C349C31086E8} = {D8D09568-C5EB-46A1-8B61-C349C31086E8}
	EndProjectSection
EndProject
Project("{8BC9CEB8-8B4A-11D0-8D11-00A0C91BC942}") = "TextureBuilder", "Tools\TextureBuilder\TextureBuilder.vcxproj", "{048AAD13-4518-444F-8C11-C761140B3A8B}"
	ProjectSection(ProjectDependencies) = postProject
		{D8D09568-C5EB-46A1-8B61-C349C31086E8} = {D8D09568-C5EB-46A1-8B61-C349C31086E8}
	EndProjectSection
EndProject
Project("{8BC9CEB8-8B4A-11D0-8D11-00A0C91BC942}") = "VertexShaderBuilder", "Tools\VertexShaderBuilder\VertexShaderBuilder.vcxproj", "{6CE23D6C-80D9-4AB4-8B5A-2F1D51588969}"
	ProjectSection(ProjectDependencies) = postProject
		{D8D09568-C5EB-46A1-8B61-C349C31086E8} = {D8D09568-C5EB-46A1-8B61-C349C31086E8}
	EndProjectSection
EndProject
Project("{2150E333-8FDC-42A3-9474-1A3956D46DE8}") = "External", "External", "{3C23CE84-800B-4F35-B713-DFC6B32A97F4}"
EndProject
Project("{8BC9CEB8-8B4A-11D0-8D11-00A0C91BC942}") = "Lua", "External\Lua\Lua.vcxproj", "{441BD31B-4FC6-4A64-9B03-0CC94239D948}"
EndProject
Project("{8BC9CEB8-8B4A-11D0-8D11-00A0C91BC942}") = "Renderer", "Renderer\Renderer.vcxproj", "{5BAB0E7C-578F-4D5D-A20A-F82AAECF2C6E}"
	ProjectSection(ProjectDependencies) = postProject
		{3C07E1F1-58E3-436E-B467-70FD4ED353C0} = {3C07E1F1-58E3-436E-B467-70FD4ED353C0}
	EndProjectSection
EndProject
Project("{2150E333-8FDC-42A3-9474-1A3956D46DE8}") = "Shared", "Shared", "{1FF9DFD2-63B5-405B-85E8-37DFCEFF9BEF}"
EndProject
Project("{8BC9CEB8-8B4A-11D0-8D11-00A0C91BC942}") = "Containers", "Shared\Containers\Containers.vcxproj", "{B54256D9-B416-4BD6-85F8-E350225AC688}"
EndProject
Project("{8BC9CEB8-8B4A-11D0-8D11-00A0C91BC942}") = "Utility", "Shared\Utility\Utility.vcxproj", "{FBB3ED22-B98D-4E82-A5C9-931131F3FB16}"
	ProjectSection(ProjectDependencies) = postProject
		{4C88CEB6-8B5E-4AD9-85E8-777FCECF2C92} = {4C88CEB6-8B5E-4AD9-85E8-777FCECF2C92}
		{80F104B7-C6A5-425F-B4FB-5AF350BB0542} = {80F104B7-C6A5-425F-B4FB-5AF350BB0542}
	EndProjectSection
EndProject
Project("{8BC9CEB8-8B4A-11D0-8D11-00A0C91BC942}") = "Profiling", "Shared\Profiling\Profiling.vcxproj", "{EB8379E5-1B23-438F-8934-93B8DBA031E5}"
EndProject
Project("{8BC9CEB8-8B4A-11D0-8D11-00A0C91BC942}") = "Math", "Shared\Math\Math.vcxproj", "{6303711F-A53A-49B6-9F5C-CE5C1C66B30B}"
	ProjectSection(ProjectDependencies) = postProject
		{FBB3ED22-B98D-4E82-A5C9-931131F3FB16} = {FBB3ED22-B98D-4E82-A5C9-931131F3FB16}
		{4C88CEB6-8B5E-4AD9-85E8-777FCECF2C92} = {4C88CEB6-8B5E-4AD9-85E8-777FCECF2C92}
	EndProjectSection
EndProject
Project("{8BC9CEB8-8B4A-11D0-8D11-00A0C91BC942}") = "Platform", "Shared\Platform\Platform.vcxproj", "{80F104B7-C6A5-425F-B4FB-5AF350BB0542}"
EndProject
Project("{8BC9CEB8-8B4A-11D0-8D11-00A0C91BC942}") = "Memory", "Shared\Memory\Memory.vcxproj", "{4C88CEB6-8B5E-4AD9-85E8-777FCECF2C92}"
	ProjectSection(ProjectDependencies) = postProject
		{80F104B7-C6A5-425F-B4FB-5AF350BB0542} = {80F104B7-C6A5-425F-B4FB-5AF350BB0542}
	EndProjectSection
EndProject
Project("{8BC9CEB8-8B4A-11D0-8D11-00A0C91BC942}") = "Partition", "Shared\Partition\Partition.vcxproj", "{96C0ACC3-EA2D-4572-826B-7CB6D3E56819}"
	ProjectSection(ProjectDependencies) = postProject
		{6303711F-A53A-49B6-9F5C-CE5C1C66B30B} = {6303711F-A53A-49B6-9F5C-CE5C1C66B30B}
		{5BAB0E7C-578F-4D5D-A20A-F82AAECF2C6E} = {5BAB0E7C-578F-4D5D-A20A-F82AAECF2C6E}
		{80F104B7-C6A5-425F-B4FB-5AF350BB0542} = {80F104B7-C6A5-425F-B4FB-5AF350BB0542}
	EndProjectSection
EndProject
Project("{8BC9CEB8-8B4A-11D0-8D11-00A0C91BC942}") = "LuaPlus", "External\LuaPlus\LuaPlus.vcxproj", "{80975809-F1EA-4AAC-BB24-A16CEFC4FFC8}"
EndProject
Project("{8BC9CEB8-8B4A-11D0-8D11-00A0C91BC942}") = "MeshBuilder", "Tools\MeshBuilder\MeshBuilder.vcxproj", "{6F464582-E713-4318-8433-FD44DB5983B2}"
EndProject
Project("{8BC9CEB8-8B4A-11D0-8D11-00A0C91BC942}") = "CharacterBuilder", "Tools\CharacterBuilder\CharacterBuilder.vcxproj", "{2631EEF1-C8A6-4F9A-8ED4-1F4C7CC04588}"
	ProjectSection(ProjectDependencies) = postProject
		{D8D09568-C5EB-46A1-8B61-C349C31086E8} = {D8D09568-C5EB-46A1-8B61-C349C31086E8}
	EndProjectSection
EndProject
Project("{8BC9CEB8-8B4A-11D0-8D11-00A0C91BC942}") = "TerrainGen", "Shared\TerrainGen\TerrainGen.vcxproj", "{45C2E0BF-5147-4982-8387-5E820FECAA41}"
EndProject
Project("{8BC9CEB8-8B4A-11D0-8D11-00A0C91BC942}") = "Navigation", "Shared\Navigation\Navigation.vcxproj", "{5EA2B178-1859-43DC-B213-AEC7FADCFE2E}"
	ProjectSection(ProjectDependencies) = postProject
		{80975809-F1EA-4AAC-BB24-A16CEFC4FFC8} = {80975809-F1EA-4AAC-BB24-A16CEFC4FFC8}
		{6303711F-A53A-49B6-9F5C-CE5C1C66B30B} = {6303711F-A53A-49B6-9F5C-CE5C1C66B30B}
		{4C88CEB6-8B5E-4AD9-85E8-777FCECF2C92} = {4C88CEB6-8B5E-4AD9-85E8-777FCECF2C92}
	EndProjectSection
EndProject
Project("{8BC9CEB8-8B4A-11D0-8D11-00A0C91BC942}") = "Audio", "Shared\Audio\Audio.vcxproj", "{8FEC0D48-D5FD-4BAF-AA7C-A43C76170E68}"
EndProject
Project("{8BC9CEB8-8B4A-11D0-8D11-00A0C91BC942}") = "AudioBuilder", "Tools\AudioBuilder\AudioBuilder.vcxproj", "{05896A80-3985-4AFC-804D-59A7E05F4F90}"
EndProject
Project("{8BC9CEB8-8B4A-11D0-8D11-00A0C91BC942}") = "Animation", "Shared\Animation\Animation.vcxproj", "{3C07E1F1-58E3-436E-B467-70FD4ED353C0}"
EndProject
Global
	GlobalSection(SolutionConfigurationPlatforms) = preSolution
		Debug|Win32 = Debug|Win32
		Debug|Win64 = Debug|Win64
		Release|Win32 = Release|Win32
		Release|Win64 = Release|Win64
		Win32 Profile|Win32 = Win32 Profile|Win32
		Win32 Profile|Win64 = Win32 Profile|Win64
	EndGlobalSection
	GlobalSection(ProjectConfigurationPlatforms) = postSolution
		{BEB811A2-9393-492E-A2E7-74CCE405933C}.Debug|Win32.ActiveCfg = Debug|Win32
		{BEB811A2-9393-492E-A2E7-74CCE405933C}.Debug|Win32.Build.0 = Debug|Win32
		{BEB811A2-9393-492E-A2E7-74CCE405933C}.Debug|Win64.ActiveCfg = Debug|x64
		{BEB811A2-9393-492E-A2E7-74CCE405933C}.Debug|Win64.Build.0 = Debug|x64
		{BEB811A2-9393-492E-A2E7-74CCE405933C}.Release|Win32.ActiveCfg = Release|Win32
		{BEB811A2-9393-492E-A2E7-74CCE405933C}.Release|Win32.Build.0 = Release|Win32
		{BEB811A2-9393-492E-A2E7-74CCE405933C}.Release|Win64.ActiveCfg = Release|x64
		{BEB811A2-9393-492E-A2E7-74CCE405933C}.Release|Win64.Build.0 = Release|x64
		{BEB811A2-9393-492E-A2E7-74CCE405933C}.Win32 Profile|Win32.ActiveCfg = Win32 Profile|Win32
		{BEB811A2-9393-492E-A2E7-74CCE405933C}.Win32 Profile|Win32.Build.0 = Win32 Profile|Win32
		{BEB811A2-9393-492E-A2E7-74CCE405933C}.Win32 Profile|Win64.ActiveCfg = Win32 Profile|x64
		{BEB811A2-9393-492E-A2E7-74CCE405933C}.Win32 Profile|Win64.Build.0 = Win32 Profile|x64
		{4DBED837-BB8A-4103-B169-7E971C679F00}.Debug|Win32.ActiveCfg = Debug|Win32
		{4DBED837-BB8A-4103-B169-7E971C679F00}.Debug|Win32.Build.0 = Debug|Win32
		{4DBED837-BB8A-4103-B169-7E971C679F00}.Debug|Win64.ActiveCfg = Debug|x64
		{4DBED837-BB8A-4103-B169-7E971C679F00}.Debug|Win64.Build.0 = Debug|x64
		{4DBED837-BB8A-4103-B169-7E971C679F00}.Release|Win32.ActiveCfg = Release|Win32
		{4DBED837-BB8A-4103-B169-7E971C679F00}.Release|Win32.Build.0 = Release|Win32
		{4DBED837-BB8A-4103-B169-7E971C679F00}.Release|Win64.ActiveCfg = Release|x64
		{4DBED837-BB8A-4103-B169-7E971C679F00}.Release|Win64.Build.0 = Release|x64
		{4DBED837-BB8A-4103-B169-7E971C679F00}.Win32 Profile|Win32.ActiveCfg = Win32 Profile|Win32
		{4DBED837-BB8A-4103-B169-7E971C679F00}.Win32 Profile|Win32.Build.0 = Win32 Profile|Win32
		{4DBED837-BB8A-4103-B169-7E971C679F00}.Win32 Profile|Win64.ActiveCfg = Win32 Profile|x64
		{4DBED837-BB8A-4103-B169-7E971C679F00}.Win32 Profile|Win64.Build.0 = Win32 Profile|x64
		{38F0B1FF-456F-4221-9531-3A9F81694477}.Debug|Win32.ActiveCfg = Debug|Win32
		{38F0B1FF-456F-4221-9531-3A9F81694477}.Debug|Win32.Build.0 = Debug|Win32
		{38F0B1FF-456F-4221-9531-3A9F81694477}.Debug|Win64.ActiveCfg = Debug|x64
		{38F0B1FF-456F-4221-9531-3A9F81694477}.Debug|Win64.Build.0 = Debug|x64
		{38F0B1FF-456F-4221-9531-3A9F81694477}.Release|Win32.ActiveCfg = Release|Win32
		{38F0B1FF-456F-4221-9531-3A9F81694477}.Release|Win32.Build.0 = Release|Win32
		{38F0B1FF-456F-4221-9531-3A9F81694477}.Release|Win64.ActiveCfg = Release|x64
		{38F0B1FF-456F-4221-9531-3A9F81694477}.Release|Win64.Build.0 = Release|x64
		{38F0B1FF-456F-4221-9531-3A9F81694477}.Win32 Profile|Win32.ActiveCfg = Release|Win32
		{38F0B1FF-456F-4221-9531-3A9F81694477}.Win32 Profile|Win32.Build.0 = Release|Win32
		{38F0B1FF-456F-4221-9531-3A9F81694477}.Win32 Profile|Win64.ActiveCfg = Release|Win32
		{14C91AD1-F90B-43AB-82B7-A4AD9035E0BD}.Debug|Win32.ActiveCfg = Debug|Win32
		{14C91AD1-F90B-43AB-82B7-A4AD9035E0BD}.Debug|Win32.Build.0 = Debug|Win32
		{14C91AD1-F90B-43AB-82B7-A4AD9035E0BD}.Debug|Win64.ActiveCfg = Debug|x64
		{14C91AD1-F90B-43AB-82B7-A4AD9035E0BD}.Debug|Win64.Build.0 = Debug|x64
		{14C91AD1-F90B-43AB-82B7-A4AD9035E0BD}.Release|Win32.ActiveCfg = Release|Win32
		{14C91AD1-F90B-43AB-82B7-A4AD9035E0BD}.Release|Win32.Build.0 = Release|Win32
		{14C91AD1-F90B-43AB-82B7-A4AD9035E0BD}.Release|Win64.ActiveCfg = Release|x64
		{14C91AD1-F90B-43AB-82B7-A4AD9035E0BD}.Release|Win64.Build.0 = Release|x64
		{14C91AD1-F90B-43AB-82B7-A4AD9035E0BD}.Win32 Profile|Win32.ActiveCfg = Release|Win32
		{14C91AD1-F90B-43AB-82B7-A4AD9035E0BD}.Win32 Profile|Win32.Build.0 = Release|Win32
		{14C91AD1-F90B-43AB-82B7-A4AD9035E0BD}.Win32 Profile|Win64.ActiveCfg = Release|Win32
		{EE6FE698-A6F9-453C-9E38-6221761856DC}.Debug|Win32.ActiveCfg = Debug|Win32
		{EE6FE698-A6F9-453C-9E38-6221761856DC}.Debug|Win32.Build.0 = Debug|Win32
		{EE6FE698-A6F9-453C-9E38-6221761856DC}.Debug|Win64.ActiveCfg = Debug|x64
		{EE6FE698-A6F9-453C-9E38-6221761856DC}.Debug|Win64.Build.0 = Debug|x64
		{EE6FE698-A6F9-453C-9E38-6221761856DC}.Release|Win32.ActiveCfg = Release|Win32
		{EE6FE698-A6F9-453C-9E38-6221761856DC}.Release|Win32.Build.0 = Release|Win32
		{EE6FE698-A6F9-453C-9E38-6221761856DC}.Release|Win64.ActiveCfg = Release|x64
		{EE6FE698-A6F9-453C-9E38-6221761856DC}.Release|Win64.Build.0 = Release|x64
		{EE6FE698-A6F9-453C-9E38-6221761856DC}.Win32 Profile|Win32.ActiveCfg = Release|Win32
		{EE6FE698-A6F9-453C-9E38-6221761856DC}.Win32 Profile|Win32.Build.0 = Release|Win32
		{EE6FE698-A6F9-453C-9E38-6221761856DC}.Win32 Profile|Win64.ActiveCfg = Release|Win32
		{C6D7FF14-23F7-4435-AEDA-3A65C6CFC0BD}.Debug|Win32.ActiveCfg = Debug|Win32
		{C6D7FF14-23F7-4435-AEDA-3A65C6CFC0BD}.Debug|Win32.Build.0 = Debug|Win32
		{C6D7FF14-23F7-4435-AEDA-3A65C6CFC0BD}.Debug|Win64.ActiveCfg = Debug|x64
		{C6D7FF14-23F7-4435-AEDA-3A65C6CFC0BD}.Debug|Win64.Build.0 = Debug|x64
		{C6D7FF14-23F7-4435-AEDA-3A65C6CFC0BD}.Release|Win32.ActiveCfg = Release|Win32
		{C6D7FF14-23F7-4435-AEDA-3A65C6CFC0BD}.Release|Win32.Build.0 = Release|Win32
		{C6D7FF14-23F7-4435-AEDA-3A65C6CFC0BD}.Release|Win64.ActiveCfg = Release|x64
		{C6D7FF14-23F7-4435-AEDA-3A65C6CFC0BD}.Release|Win64.Build.0 = Release|x64
		{C6D7FF14-23F7-4435-AEDA-3A65C6CFC0BD}.Win32 Profile|Win32.ActiveCfg = Release|Win32
		{C6D7FF14-23F7-4435-AEDA-3A65C6CFC0BD}.Win32 Profile|Win32.Build.0 = Release|Win32
		{C6D7FF14-23F7-4435-AEDA-3A65C6CFC0BD}.Win32 Profile|Win64.ActiveCfg = Release|Win32
		{3429C00E-F938-4C9D-9448-44604B5BBD35}.Debug|Win32.ActiveCfg = Debug|Win32
		{3429C00E-F938-4C9D-9448-44604B5BBD35}.Debug|Win32.Build.0 = Debug|Win32
		{3429C00E-F938-4C9D-9448-44604B5BBD35}.Debug|Win64.ActiveCfg = Debug|x64
		{3429C00E-F938-4C9D-9448-44604B5BBD35}.Debug|Win64.Build.0 = Debug|x64
		{3429C00E-F938-4C9D-9448-44604B5BBD35}.Release|Win32.ActiveCfg = Release|Win32
		{3429C00E-F938-4C9D-9448-44604B5BBD35}.Release|Win32.Build.0 = Release|Win32
		{3429C00E-F938-4C9D-9448-44604B5BBD35}.Release|Win64.ActiveCfg = Release|x64
		{3429C00E-F938-4C9D-9448-44604B5BBD35}.Release|Win64.Build.0 = Release|x64
		{3429C00E-F938-4C9D-9448-44604B5BBD35}.Win32 Profile|Win32.ActiveCfg = Release|Win32
		{3429C00E-F938-4C9D-9448-44604B5BBD35}.Win32 Profile|Win32.Build.0 = Release|Win32
		{3429C00E-F938-4C9D-9448-44604B5BBD35}.Win32 Profile|Win64.ActiveCfg = Release|Win32
		{D8D09568-C5EB-46A1-8B61-C349C31086E8}.Debug|Win32.ActiveCfg = Debug|Win32
		{D8D09568-C5EB-46A1-8B61-C349C31086E8}.Debug|Win32.Build.0 = Debug|Win32
		{D8D09568-C5EB-46A1-8B61-C349C31086E8}.Debug|Win64.ActiveCfg = Debug|x64
		{D8D09568-C5EB-46A1-8B61-C349C31086E8}.Debug|Win64.Build.0 = Debug|x64
		{D8D09568-C5EB-46A1-8B61-C349C31086E8}.Release|Win32.ActiveCfg = Release|Win32
		{D8D09568-C5EB-46A1-8B61-C349C31086E8}.Release|Win32.Build.0 = Release|Win32
		{D8D09568-C5EB-46A1-8B61-C349C31086E8}.Release|Win64.ActiveCfg = Release|x64
		{D8D09568-C5EB-46A1-8B61-C349C31086E8}.Release|Win64.Build.0 = Release|x64
		{D8D09568-C5EB-46A1-8B61-C349C31086E8}.Win32 Profile|Win32.ActiveCfg = Release|Win32
		{D8D09568-C5EB-46A1-8B61-C349C31086E8}.Win32 Profile|Win32.Build.0 = Release|Win32
		{D8D09568-C5EB-46A1-8B61-C349C31086E8}.Win32 Profile|Win64.ActiveCfg = Release|Win32
		{429D0899-A121-42C8-80CD-9A6245BA6BD4}.Debug|Win32.ActiveCfg = Debug|Win32
		{429D0899-A121-42C8-80CD-9A6245BA6BD4}.Debug|Win32.Build.0 = Debug|Win32
		{429D0899-A121-42C8-80CD-9A6245BA6BD4}.Debug|Win64.ActiveCfg = Debug|x64
		{429D0899-A121-42C8-80CD-9A6245BA6BD4}.Debug|Win64.Build.0 = Debug|x64
		{429D0899-A121-42C8-80CD-9A6245BA6BD4}.Release|Win32.ActiveCfg = Release|Win32
		{429D0899-A121-42C8-80CD-9A6245BA6BD4}.Release|Win32.Build.0 = Release|Win32
		{429D0899-A121-42C8-80CD-9A6245BA6BD4}.Release|Win64.ActiveCfg = Release|x64
		{429D0899-A121-42C8-80CD-9A6245BA6BD4}.Release|Win64.Build.0 = Release|x64
		{429D0899-A121-42C8-80CD-9A6245BA6BD4}.Win32 Profile|Win32.ActiveCfg = Release|Win32
		{429D0899-A121-42C8-80CD-9A6245BA6BD4}.Win32 Profile|Win32.Build.0 = Release|Win32
		{429D0899-A121-42C8-80CD-9A6245BA6BD4}.Win32 Profile|Win64.ActiveCfg = Release|Win32
		{048AAD13-4518-444F-8C11-C761140B3A8B}.Debug|Win32.ActiveCfg = Debug|Win32
		{048AAD13-4518-444F-8C11-C761140B3A8B}.Debug|Win32.Build.0 = Debug|Win32
		{048AAD13-4518-444F-8C11-C761140B3A8B}.Debug|Win64.ActiveCfg = Debug|x64
		{048AAD13-4518-444F-8C11-C761140B3A8B}.Debug|Win64.Build.0 = Debug|x64
		{048AAD13-4518-444F-8C11-C761140B3A8B}.Release|Win32.ActiveCfg = Release|Win32
		{048AAD13-4518-444F-8C11-C761140B3A8B}.Release|Win32.Build.0 = Release|Win32
		{048AAD13-4518-444F-8C11-C761140B3A8B}.Release|Win64.ActiveCfg = Release|x64
		{048AAD13-4518-444F-8C11-C761140B3A8B}.Release|Win64.Build.0 = Release|x64
		{048AAD13-4518-444F-8C11-C761140B3A8B}.Win32 Profile|Win32.ActiveCfg = Release|Win32
		{048AAD13-4518-444F-8C11-C761140B3A8B}.Win32 Profile|Win32.Build.0 = Release|Win32
		{048AAD13-4518-444F-8C11-C761140B3A8B}.Win32 Profile|Win64.ActiveCfg = Release|Win32
		{6CE23D6C-80D9-4AB4-8B5A-2F1D51588969}.Debug|Win32.ActiveCfg = Debug|Win32
		{6CE23D6C-80D9-4AB4-8B5A-2F1D51588969}.Debug|Win32.Build.0 = Debug|Win32
		{6CE23D6C-80D9-4AB4-8B5A-2F1D51588969}.Debug|Win64.ActiveCfg = Debug|x64
		{6CE23D6C-80D9-4AB4-8B5A-2F1D51588969}.Debug|Win64.Build.0 = Debug|x64
		{6CE23D6C-80D9-4AB4-8B5A-2F1D51588969}.Release|Win32.ActiveCfg = Release|Win32
		{6CE23D6C-80D9-4AB4-8B5A-2F1D51588969}.Release|Win32.Build.0 = Release|Win32
		{6CE23D6C-80D9-4AB4-8B5A-2F1D51588969}.Release|Win64.ActiveCfg = Release|x64
		{6CE23D6C-80D9-4AB4-8B5A-2F1D51588969}.Release|Win64.Build.0 = Release|x64
		{6CE23D6C-80D9-4AB4-8B5A-2F1D51588969}.Win32 Profile|Win32.ActiveCfg = Release|Win32
		{6CE23D6C-80D9-4AB4-8B5A-2F1D51588969}.Win32 Profile|Win32.Build.0 = Release|Win32
		{6CE23D6C-80D9-4AB4-8B5A-2F1D51588969}.Win32 Profile|Win64.ActiveCfg = Release|Win32
		{441BD31B-4FC6-4A64-9B03-0CC94239D948}.Debug|Win32.ActiveCfg = Debug|Win32
		{441BD31B-4FC6-4A64-9B03-0CC94239D948}.Debug|Win32.Build.0 = Debug|Win32
		{441BD31B-4FC6-4A64-9B03-0CC94239D948}.Debug|Win64.ActiveCfg = Debug|x64
		{441BD31B-4FC6-4A64-9B03-0CC94239D948}.Debug|Win64.Build.0 = Debug|x64
		{441BD31B-4FC6-4A64-9B03-0CC94239D948}.Release|Win32.ActiveCfg = Release|Win32
		{441BD31B-4FC6-4A64-9B03-0CC94239D948}.Release|Win32.Build.0 = Release|Win32
		{441BD31B-4FC6-4A64-9B03-0CC94239D948}.Release|Win64.ActiveCfg = Release|x64
		{441BD31B-4FC6-4A64-9B03-0CC94239D948}.Release|Win64.Build.0 = Release|x64
		{441BD31B-4FC6-4A64-9B03-0CC94239D948}.Win32 Profile|Win32.ActiveCfg = Release|Win32
		{441BD31B-4FC6-4A64-9B03-0CC94239D948}.Win32 Profile|Win32.Build.0 = Release|Win32
		{441BD31B-4FC6-4A64-9B03-0CC94239D948}.Win32 Profile|Win64.ActiveCfg = Release|Win32
		{5BAB0E7C-578F-4D5D-A20A-F82AAECF2C6E}.Debug|Win32.ActiveCfg = Debug|Win32
		{5BAB0E7C-578F-4D5D-A20A-F82AAECF2C6E}.Debug|Win32.Build.0 = Debug|Win32
		{5BAB0E7C-578F-4D5D-A20A-F82AAECF2C6E}.Debug|Win64.ActiveCfg = Debug|x64
		{5BAB0E7C-578F-4D5D-A20A-F82AAECF2C6E}.Debug|Win64.Build.0 = Debug|x64
		{5BAB0E7C-578F-4D5D-A20A-F82AAECF2C6E}.Release|Win32.ActiveCfg = Release|Win32
		{5BAB0E7C-578F-4D5D-A20A-F82AAECF2C6E}.Release|Win32.Build.0 = Release|Win32
		{5BAB0E7C-578F-4D5D-A20A-F82AAECF2C6E}.Release|Win64.ActiveCfg = Release|x64
		{5BAB0E7C-578F-4D5D-A20A-F82AAECF2C6E}.Release|Win64.Build.0 = Release|x64
		{5BAB0E7C-578F-4D5D-A20A-F82AAECF2C6E}.Win32 Profile|Win32.ActiveCfg = Release|Win32
		{5BAB0E7C-578F-4D5D-A20A-F82AAECF2C6E}.Win32 Profile|Win32.Build.0 = Release|Win32
		{5BAB0E7C-578F-4D5D-A20A-F82AAECF2C6E}.Win32 Profile|Win64.ActiveCfg = Release|Win32
		{B54256D9-B416-4BD6-85F8-E350225AC688}.Debug|Win32.ActiveCfg = Debug|Win32
		{B54256D9-B416-4BD6-85F8-E350225AC688}.Debug|Win32.Build.0 = Debug|Win32
		{B54256D9-B416-4BD6-85F8-E350225AC688}.Debug|Win64.ActiveCfg = Debug|x64
		{B54256D9-B416-4BD6-85F8-E350225AC688}.Debug|Win64.Build.0 = Debug|x64
		{B54256D9-B416-4BD6-85F8-E350225AC688}.Release|Win32.ActiveCfg = Release|Win32
		{B54256D9-B416-4BD6-85F8-E350225AC688}.Release|Win32.Build.0 = Release|Win32
		{B54256D9-B416-4BD6-85F8-E350225AC688}.Release|Win64.ActiveCfg = Release|x64
		{B54256D9-B416-4BD6-85F8-E350225AC688}.Release|Win64.Build.0 = Release|x64
		{B54256D9-B416-4BD6-85F8-E350225AC688}.Win32 Profile|Win32.ActiveCfg = Release|Win32
		{B54256D9-B416-4BD6-85F8-E350225AC688}.Win32 Profile|Win32.Build.0 = Release|Win32
		{B54256D9-B416-4BD6-85F8-E350225AC688}.Win32 Profile|Win64.ActiveCfg = Release|Win32
		{FBB3ED22-B98D-4E82-A5C9-931131F3FB16}.Debug|Win32.ActiveCfg = Debug|Win32
		{FBB3ED22-B98D-4E82-A5C9-931131F3FB16}.Debug|Win32.Build.0 = Debug|Win32
		{FBB3ED22-B98D-4E82-A5C9-931131F3FB16}.Debug|Win64.ActiveCfg = Debug|x64
		{FBB3ED22-B98D-4E82-A5C9-931131F3FB16}.Debug|Win64.Build.0 = Debug|x64
		{FBB3ED22-B98D-4E82-A5C9-931131F3FB16}.Release|Win32.ActiveCfg = Release|Win32
		{FBB3ED22-B98D-4E82-A5C9-931131F3FB16}.Release|Win32.Build.0 = Release|Win32
		{FBB3ED22-B98D-4E82-A5C9-931131F3FB16}.Release|Win64.ActiveCfg = Release|x64
		{FBB3ED22-B98D-4E82-A5C9-931131F3FB16}.Release|Win64.Build.0 = Release|x64
		{FBB3ED22-B98D-4E82-A5C9-931131F3FB16}.Win32 Profile|Win32.ActiveCfg = Release|Win32
		{FBB3ED22-B98D-4E82-A5C9-931131F3FB16}.Win32 Profile|Win32.Build.0 = Release|Win32
		{FBB3ED22-B98D-4E82-A5C9-931131F3FB16}.Win32 Profile|Win64.ActiveCfg = Release|Win32
		{EB8379E5-1B23-438F-8934-93B8DBA031E5}.Debug|Win32.ActiveCfg = Debug|Win32
		{EB8379E5-1B23-438F-8934-93B8DBA031E5}.Debug|Win32.Build.0 = Debug|Win32
		{EB8379E5-1B23-438F-8934-93B8DBA031E5}.Debug|Win64.ActiveCfg = Debug|x64
		{EB8379E5-1B23-438F-8934-93B8DBA031E5}.Debug|Win64.Build.0 = Debug|x64
		{EB8379E5-1B23-438F-8934-93B8DBA031E5}.Release|Win32.ActiveCfg = Release|Win32
		{EB8379E5-1B23-438F-8934-93B8DBA031E5}.Release|Win32.Build.0 = Release|Win32
		{EB8379E5-1B23-438F-8934-93B8DBA031E5}.Release|Win64.ActiveCfg = Release|x64
		{EB8379E5-1B23-438F-8934-93B8DBA031E5}.Release|Win64.Build.0 = Release|x64
		{EB8379E5-1B23-438F-8934-93B8DBA031E5}.Win32 Profile|Win32.ActiveCfg = Release|Win32
		{EB8379E5-1B23-438F-8934-93B8DBA031E5}.Win32 Profile|Win32.Build.0 = Release|Win32
		{EB8379E5-1B23-438F-8934-93B8DBA031E5}.Win32 Profile|Win64.ActiveCfg = Release|Win32
		{6303711F-A53A-49B6-9F5C-CE5C1C66B30B}.Debug|Win32.ActiveCfg = Debug|Win32
		{6303711F-A53A-49B6-9F5C-CE5C1C66B30B}.Debug|Win32.Build.0 = Debug|Win32
		{6303711F-A53A-49B6-9F5C-CE5C1C66B30B}.Debug|Win64.ActiveCfg = Debug|x64
		{6303711F-A53A-49B6-9F5C-CE5C1C66B30B}.Debug|Win64.Build.0 = Debug|x64
		{6303711F-A53A-49B6-9F5C-CE5C1C66B30B}.Release|Win32.ActiveCfg = Release|Win32
		{6303711F-A53A-49B6-9F5C-CE5C1C66B30B}.Release|Win32.Build.0 = Release|Win32
		{6303711F-A53A-49B6-9F5C-CE5C1C66B30B}.Release|Win64.ActiveCfg = Release|x64
		{6303711F-A53A-49B6-9F5C-CE5C1C66B30B}.Release|Win64.Build.0 = Release|x64
		{6303711F-A53A-49B6-9F5C-CE5C1C66B30B}.Win32 Profile|Win32.ActiveCfg = Release|Win32
		{6303711F-A53A-49B6-9F5C-CE5C1C66B30B}.Win32 Profile|Win32.Build.0 = Release|Win32
		{6303711F-A53A-49B6-9F5C-CE5C1C66B30B}.Win32 Profile|Win64.ActiveCfg = Release|Win32
		{80F104B7-C6A5-425F-B4FB-5AF350BB0542}.Debug|Win32.ActiveCfg = Debug|Win32
		{80F104B7-C6A5-425F-B4FB-5AF350BB0542}.Debug|Win32.Build.0 = Debug|Win32
		{80F104B7-C6A5-425F-B4FB-5AF350BB0542}.Debug|Win64.ActiveCfg = Debug|x64
		{80F104B7-C6A5-425F-B4FB-5AF350BB0542}.Debug|Win64.Build.0 = Debug|x64
		{80F104B7-C6A5-425F-B4FB-5AF350BB0542}.Release|Win32.ActiveCfg = Release|Win32
		{80F104B7-C6A5-425F-B4FB-5AF350BB0542}.Release|Win32.Build.0 = Release|Win32
		{80F104B7-C6A5-425F-B4FB-5AF350BB0542}.Release|Win64.ActiveCfg = Release|x64
		{80F104B7-C6A5-425F-B4FB-5AF350BB0542}.Release|Win64.Build.0 = Release|x64
		{80F104B7-C6A5-425F-B4FB-5AF350BB0542}.Win32 Profile|Win32.ActiveCfg = Release|Win32
		{80F104B7-C6A5-425F-B4FB-5AF350BB0542}.Win32 Profile|Win32.Build.0 = Release|Win32
		{80F104B7-C6A5-425F-B4FB-5AF350BB0542}.Win32 Profile|Win64.ActiveCfg = Release|Win32
		{4C88CEB6-8B5E-4AD9-85E8-777FCECF2C92}.Debug|Win32.ActiveCfg = Debug|Win32
		{4C88CEB6-8B5E-4AD9-85E8-777FCECF2C92}.Debug|Win32.Build.0 = Debug|Win32
		{4C88CEB6-8B5E-4AD9-85E8-777FCECF2C92}.Debug|Win64.ActiveCfg = Debug|x64
		{4C88CEB6-8B5E-4AD9-85E8-777FCECF2C92}.Debug|Win64.Build.0 = Debug|x64
		{4C88CEB6-8B5E-4AD9-85E8-777FCECF2C92}.Release|Win32.ActiveCfg = Release|Win32
		{4C88CEB6-8B5E-4AD9-85E8-777FCECF2C92}.Release|Win32.Build.0 = Release|Win32
		{4C88CEB6-8B5E-4AD9-85E8-777FCECF2C92}.Release|Win64.ActiveCfg = Release|x64
		{4C88CEB6-8B5E-4AD9-85E8-777FCECF2C92}.Release|Win64.Build.0 = Release|x64
		{4C88CEB6-8B5E-4AD9-85E8-777FCECF2C92}.Win32 Profile|Win32.ActiveCfg = Release|Win32
		{4C88CEB6-8B5E-4AD9-85E8-777FCECF2C92}.Win32 Profile|Win32.Build.0 = Release|Win32
		{4C88CEB6-8B5E-4AD9-85E8-777FCECF2C92}.Win32 Profile|Win64.ActiveCfg = Release|Win32
		{96C0ACC3-EA2D-4572-826B-7CB6D3E56819}.Debug|Win32.ActiveCfg = Debug|Win32
		{96C0ACC3-EA2D-4572-826B-7CB6D3E56819}.Debug|Win32.Build.0 = Debug|Win32
		{96C0ACC3-EA2D-4572-826B-7CB6D3E56819}.Debug|Win64.ActiveCfg = Debug|x64
		{96C0ACC3-EA2D-4572-826B-7CB6D3E56819}.Debug|Win64.Build.0 = Debug|x64
		{96C0ACC3-EA2D-4572-826B-7CB6D3E56819}.Release|Win32.ActiveCfg = Release|Win32
		{96C0ACC3-EA2D-4572-826B-7CB6D3E56819}.Release|Win32.Build.0 = Release|Win32
		{96C0ACC3-EA2D-4572-826B-7CB6D3E56819}.Release|Win64.ActiveCfg = Release|x64
		{96C0ACC3-EA2D-4572-826B-7CB6D3E56819}.Release|Win64.Build.0 = Release|x64
		{96C0ACC3-EA2D-4572-826B-7CB6D3E56819}.Win32 Profile|Win32.ActiveCfg = Release|Win32
		{96C0ACC3-EA2D-4572-826B-7CB6D3E56819}.Win32 Profile|Win32.Build.0 = Release|Win32
		{96C0ACC3-EA2D-4572-826B-7CB6D3E56819}.Win32 Profile|Win64.ActiveCfg = Release|Win32
		{80975809-F1EA-4AAC-BB24-A16CEFC4FFC8}.Debug|Win32.ActiveCfg = Debug|Win32
		{80975809-F1EA-4AAC-BB24-A16CEFC4FFC8}.Debug|Win32.Build.0 = Debug|Win32
		{80975809-F1EA-4AAC-BB24-A16CEFC4FFC8}.Debug|Win64.ActiveCfg = Debug|x64
		{80975809-F1EA-4AAC-BB24-A16CEFC4FFC8}.Debug|Win64.Build.0 = Debug|x64
		{80975809-F1EA-4AAC-BB24-A16CEFC4FFC8}.Release|Win32.ActiveCfg = Release|Win32
		{80975809-F1EA-4AAC-BB24-A16CEFC4FFC8}.Release|Win32.Build.0 = Release|Win32
		{80975809-F1EA-4AAC-BB24-A16CEFC4FFC8}.Release|Win64.ActiveCfg = Release|x64
		{80975809-F1EA-4AAC-BB24-A16CEFC4FFC8}.Release|Win64.Build.0 = Release|x64
		{80975809-F1EA-4AAC-BB24-A16CEFC4FFC8}.Win32 Profile|Win32.ActiveCfg = Release|Win32
		{80975809-F1EA-4AAC-BB24-A16CEFC4FFC8}.Win32 Profile|Win32.Build.0 = Release|Win32
		{80975809-F1EA-4AAC-BB24-A16CEFC4FFC8}.Win32 Profile|Win64.ActiveCfg = Release|Win32
		{6F464582-E713-4318-8433-FD44DB5983B2}.Debug|Win32.ActiveCfg = Debug|Win32
		{6F464582-E713-4318-8433-FD44DB5983B2}.Debug|Win32.Build.0 = Debug|Win32
		{6F464582-E713-4318-8433-FD44DB5983B2}.Debug|Win64.ActiveCfg = Debug|x64
		{6F464582-E713-4318-8433-FD44DB5983B2}.Debug|Win64.Build.0 = Debug|x64
		{6F464582-E713-4318-8433-FD44DB5983B2}.Release|Win32.ActiveCfg = Release|Win32
		{6F464582-E713-4318-8433-FD44DB5983B2}.Release|Win32.Build.0 = Release|Win32
		{6F464582-E713-4318-8433-FD44DB5983B2}.Release|Win64.ActiveCfg = Release|x64
		{6F464582-E713-4318-8433-FD44DB5983B2}.Release|Win64.Build.0 = Release|x64
		{6F464582-E713-4318-8433-FD44DB5983B2}.Win32 Profile|Win32.ActiveCfg = Release|Win32
		{6F464582-E713-4318-8433-FD44DB5983B2}.Win32 Profile|Win32.Build.0 = Release|Win32
		{6F464582-E713-4318-8433-FD44DB5983B2}.Win32 Profile|Win64.ActiveCfg = Release|Win32
		{2631EEF1-C8A6-4F9A-8ED4-1F4C7CC04588}.Debug|Win32.ActiveCfg = Debug|Win32
		{2631EEF1-C8A6-4F9A-8ED4-1F4C7CC04588}.Debug|Win32.Build.0 = Debug|Win32
		{2631EEF1-C8A6-4F9A-8ED4-1F4C7CC04588}.Debug|Win64.ActiveCfg = Debug|x64
		{2631EEF1-C8A6-4F9A-8ED4-1F4C7CC04588}.Debug|Win64.Build.0 = Debug|x64
		{2631EEF1-C8A6-4F9A-8ED4-1F4C7CC04588}.Release|Win32.ActiveCfg = Release|Win32
		{2631EEF1-C8A6-4F9A-8ED4-1F4C7CC04588}.Release|Win32.Build.0 = Release|Win32
		{2631EEF1-C8A6-4F9A-8ED4-1F4C7CC04588}.Release|Win64.ActiveCfg = Release|x64
		{2631EEF1-C8A6-4F9A-8ED4-1F4C7CC04588}.Release|Win64.Build.0 = Release|x64
		{2631EEF1-C8A6-4F9A-8ED4-1F4C7CC04588}.Win32 Profile|Win32.ActiveCfg = Release|Win32
		{2631EEF1-C8A6-4F9A-8ED4-1F4C7CC04588}.Win32 Profile|Win32.Build.0 = Release|Win32
		{2631EEF1-C8A6-4F9A-8ED4-1F4C7CC04588}.Win32 Profile|Win64.ActiveCfg = Release|Win32
		{45C2E0BF-5147-4982-8387-5E820FECAA41}.Debug|Win32.ActiveCfg = Debug|Win32
		{45C2E0BF-5147-4982-8387-5E820FECAA41}.Debug|Win32.Build.0 = Debug|Win32
		{45C2E0BF-5147-4982-8387-5E820FECAA41}.Debug|Win64.ActiveCfg = Debug|x64
		{45C2E0BF-5147-4982-8387-5E820FECAA41}.Debug|Win64.Build.0 = Debug|x64
		{45C2E0BF-5147-4982-8387-5E820FECAA41}.Release|Win32.ActiveCfg = Release|Win32
		{45C2E0BF-5147-4982-8387-5E820FECAA41}.Release|Win32.Build.0 = Release|Win32
		{45C2E0BF-5147-4982-8387-5E820FECAA41}.Release|Win64.ActiveCfg = Release|x64
		{45C2E0BF-5147-4982-8387-5E820FECAA41}.Release|Win64.Build.0 = Release|x64
		{45C2E0BF-5147-4982-8387-5E820FECAA41}.Win32 Profile|Win32.ActiveCfg = Release|Win32
		{45C2E0BF-5147-4982-8387-5E820FECAA41}.Win32 Profile|Win32.Build.0 = Release|Win32
		{45C2E0BF-5147-4982-8387-5E820FECAA41}.Win32 Profile|Win64.ActiveCfg = Release|Win32
		{5EA2B178-1859-43DC-B213-AEC7FADCFE2E}.Debug|Win32.ActiveCfg = Debug|Win32
		{5EA2B178-1859-43DC-B213-AEC7FADCFE2E}.Debug|Win32.Build.0 = Debug|Win32
		{5EA2B178-1859-43DC-B213-AEC7FADCFE2E}.Debug|Win64.ActiveCfg = Debug|x64
		{5EA2B178-1859-43DC-B213-AEC7FADCFE2E}.Debug|Win64.Build.0 = Debug|x64
		{5EA2B178-1859-43DC-B213-AEC7FADCFE2E}.Release|Win32.ActiveCfg = Release|Win32
		{5EA2B178-1859-43DC-B213-AEC7FADCFE2E}.Release|Win32.Build.0 = Release|Win32
		{5EA2B178-1859-43DC-B213-AEC7FADCFE2E}.Release|Win64.ActiveCfg = Release|x64
		{5EA2B178-1859-43DC-B213-AEC7FADCFE2E}.Release|Win64.Build.0 = Release|x64
		{5EA2B178-1859-43DC-B213-AEC7FADCFE2E}.Win32 Profile|Win32.ActiveCfg = Release|Win32
		{5EA2B178-1859-43DC-B213-AEC7FADCFE2E}.Win32 Profile|Win32.Build.0 = Release|Win32
		{5EA2B178-1859-43DC-B213-AEC7FADCFE2E}.Win32 Profile|Win64.ActiveCfg = Release|Win32
		{8FEC0D48-D5FD-4BAF-AA7C-A43C76170E68}.Debug|Win32.ActiveCfg = Debug|Win32
		{8FEC0D48-D5FD-4BAF-AA7C-A43C76170E68}.Debug|Win32.Build.0 = Debug|Win32
		{8FEC0D48-D5FD-4BAF-AA7C-A43C76170E68}.Debug|Win64.ActiveCfg = Debug|x64
		{8FEC0D48-D5FD-4BAF-AA7C-A43C76170E68}.Debug|Win64.Build.0 = Debug|x64
		{8FEC0D48-D5FD-4BAF-AA7C-A43C76170E68}.Release|Win32.ActiveCfg = Release|Win32
		{8FEC0D48-D5FD-4BAF-AA7C-A43C76170E68}.Release|Win32.Build.0 = Release|Win32
		{8FEC0D48-D5FD-4BAF-AA7C-A43C76170E68}.Release|Win64.ActiveCfg = Release|x64
		{8FEC0D48-D5FD-4BAF-AA7C-A43C76170E68}.Release|Win64.Build.0 = Release|x64
		{8FEC0D48-D5FD-4BAF-AA7C-A43C76170E68}.Win32 Profile|Win32.ActiveCfg = Release|Win32
		{8FEC0D48-D5FD-4BAF-AA7C-A43C76170E68}.Win32 Profile|Win32.Build.0 = Release|Win32
		{8FEC0D48-D5FD-4BAF-AA7C-A43C76170E68}.Win32 Profile|Win64.ActiveCfg = Release|Win32
		{05896A80-3985-4AFC-804D-59A7E05F4F90}.Debug|Win32.ActiveCfg = Debug|Win32
		{05896A80-3985-4AFC-804D-59A7E05F4F90}.Debug|Win32.Build.0 = Debug|Win32
		{05896A80-3985-4AFC-804D-59A7E05F4F90}.Debug|Win64.ActiveCfg = Debug|x64
		{05896A80-3985-4AFC-804D-59A7E05F4F90}.Debug|Win64.Build.0 = Debug|x64
		{05896A80-3985-4AFC-804D-59A7E05F4F90}.Release|Win32.ActiveCfg = Release|Win32
		{05896A80-3985-4AFC-804D-59A7E05F4F90}.Release|Win32.Build.0 = Release|Win32
		{05896A80-3985-4AFC-804D-59A7E05F4F90}.Release|Win64.ActiveCfg = Release|x64
		{05896A80-3985-4AFC-804D-59A7E05F4F90}.Release|Win64.Build.0 = Release|x64
		{05896A80-3985-4AFC-804D-59A7E05F4F90}.Win32 Profile|Win32.ActiveCfg = Release|Win32
		{05896A80-3985-4AFC-804D-59A7E05F4F90}.Win32 Profile|Win32.Build.0 = Release|Win32
		{05896A80-3985-4AFC-804D-59A7E05F4F90}.Win32 Profile|Win64.ActiveCfg = Release|Win32
		{3C07E1F1-58E3-436E-B467-70FD4ED353C0}.Debug|Win32.ActiveCfg = Debug|Win32
		{3C07E1F1-58E3-436E-B467-70FD4ED353C0}.Debug|Win32.Build.0 = Debug|Win32
		{3C07E1F1-58E3-436E-B467-70FD4ED353C0}.Debug|Win64.ActiveCfg = Debug|x64
		{3C07E1F1-58E3-436E-B467-70FD4ED353C0}.Debug|Win64.Build.0 = Debug|x64
		{3C07E1F1-58E3-436E-B467-70FD4ED353C0}.Release|Win32.ActiveCfg = Release|Win32
		{3C07E1F1-58E3-436E-B467-70FD4ED353C0}.Release|Win32.Build.0 = Release|Win32
		{3C07E1F1-58E3-436E-B467-70FD4ED353C0}.Release|Win64.ActiveCfg = Release|x64
		{3C07E1F1-58E3-436E-B467-70FD4ED353C0}.Release|Win64.Build.0 = Release|x64
		{3C07E1F1-58E3-436E-B467-70FD4ED353C0}.Win32 Profile|Win32.ActiveCfg = Release|Win32
		{3C07E1F1-58E3-436E-B467-70FD4ED353C0}.Win32 Profile|Win32.Build.0 = Release|Win32
		{3C07E1F1-58E3-436E-B467-70FD4ED353C0}.Win32 Profile|Win64.ActiveCfg = Release|Win32
	EndGlobalSection
	GlobalSection(SolutionProperties) = preSolution
		HideSolutionNode = FALSE
	EndGlobalSection
	GlobalSection(NestedProjects) = preSolution
		{38F0B1FF-456F-4221-9531-3A9F81694477} = {0F6B9135-7F80-4646-85AB-7D624884976A}
		{14C91AD1-F90B-43AB-82B7-A4AD9035E0BD} = {0F6B9135-7F80-4646-85AB-7D624884976A}
		{EE6FE698-A6F9-453C-9E38-6221761856DC} = {0F6B9135-7F80-4646-85AB-7D624884976A}
		{C6D7FF14-23F7-4435-AEDA-3A65C6CFC0BD} = {0F6B9135-7F80-4646-85AB-7D624884976A}
		{3429C00E-F938-4C9D-9448-44604B5BBD35} = {0F6B9135-7F80-4646-85AB-7D624884976A}
		{D8D09568-C5EB-46A1-8B61-C349C31086E8} = {0F6B9135-7F80-4646-85AB-7D624884976A}
		{429D0899-A121-42C8-80CD-9A6245BA6BD4} = {0F6B9135-7F80-4646-85AB-7D624884976A}
		{048AAD13-4518-444F-8C11-C761140B3A8B} = {0F6B9135-7F80-4646-85AB-7D624884976A}
		{6CE23D6C-80D9-4AB4-8B5A-2F1D51588969} = {0F6B9135-7F80-4646-85AB-7D624884976A}
		{6F464582-E713-4318-8433-FD44DB5983B2} = {0F6B9135-7F80-4646-85AB-7D624884976A}
		{2631EEF1-C8A6-4F9A-8ED4-1F4C7CC04588} = {0F6B9135-7F80-4646-85AB-7D624884976A}
		{05896A80-3985-4AFC-804D-59A7E05F4F90} = {0F6B9135-7F80-4646-85AB-7D624884976A}
		{441BD31B-4FC6-4A64-9B03-0CC94239D948} = {3C23CE84-800B-4F35-B713-DFC6B32A97F4}
		{80975809-F1EA-4AAC-BB24-A16CEFC4FFC8} = {3C23CE84-800B-4F35-B713-DFC6B32A97F4}
		{B54256D9-B416-4BD6-85F8-E350225AC688} = {1FF9DFD2-63B5-405B-85E8-37DFCEFF9BEF}
		{FBB3ED22-B98D-4E82-A5C9-931131F3FB16} = {1FF9DFD2-63B5-405B-85E8-37DFCEFF9BEF}
		{EB8379E5-1B23-438F-8934-93B8DBA031E5} = {1FF9DFD2-63B5-405B-85E8-37DFCEFF9BEF}
		{6303711F-A53A-49B6-9F5C-CE5C1C66B30B} = {1FF9DFD2-63B5-405B-85E8-37DFCEFF9BEF}
		{80F104B7-C6A5-425F-B4FB-5AF350BB0542} = {1FF9DFD2-63B5-405B-85E8-37DFCEFF9BEF}
		{4C88CEB6-8B5E-4AD9-85E8-777FCECF2C92} = {1FF9DFD2-63B5-405B-85E8-37DFCEFF9BEF}
		{96C0ACC3-EA2D-4572-826B-7CB6D3E56819} = {1FF9DFD2-63B5-405B-85E8-37DFCEFF9BEF}
		{45C2E0BF-5147-4982-8387-5E820FECAA41} = {1FF9DFD2-63B5-405B-85E8-37DFCEFF9BEF}
		{5EA2B178-1859-43DC-B213-AEC7FADCFE2E} = {1FF9DFD2-63B5-405B-85E8-37DFCEFF9BEF}
		{8FEC0D48-D5FD-4BAF-AA7C-A43C76170E68} = {1FF9DFD2-63B5-405B-85E8-37DFCEFF9BEF}
		{3C07E1F1-58E3-436E-B467-70FD4ED353C0} = {1FF9DFD2-63B5-405B-85E8-37DFCEFF9BEF}
	EndGlobalSection
EndGlobal
