<?xml version="1.0" encoding="utf-8"?>
<Project ToolsVersion="4.0" xmlns="http://schemas.microsoft.com/developer/msbuild/2003">
  <ItemGroup>
    <ClInclude Include="GVoxel.h" />
    <ClInclude Include="GChunk.h" />
    <ClInclude Include="GChunkManager.h" />
  </ItemGroup>
  <ItemGroup>
    <ClCompile Include="GChunkManager.cpp" />
  </ItemGroup>
</Project>